version = 1
revision = 1
requires-python = ">=3.10"
resolution-markers = [
    "sys_platform != 'win32'",
    "sys_platform == 'win32'",
]

[[package]]
name = "microcosm-4x"
source = { editable = "." }
dependencies = [
    { name = "miniupnpc", version = "2.0.2", source = { registry = "https://pypi.org/simple" }, marker = "sys_platform != 'win32'" },
    { name = "miniupnpc", version = "2.2.7", source = { registry = "https://pypi.org/simple" }, marker = "sys_platform == 'win32'" },
    { name = "pillow" },
    { name = "platformdirs" },
    { name = "python-vlc" },
    { name = "pyxel" },
]

[package.metadata]
requires-dist = [
    { name = "miniupnpc", marker = "sys_platform != 'win32'", specifier = "==2.0.2" },
    { name = "miniupnpc", marker = "sys_platform == 'win32'", specifier = "==2.2.7" },
    { name = "pillow", specifier = "==10.3.0" },
    { name = "platformdirs", specifier = "==3.9.1" },
    { name = "python-vlc", specifier = "==3.0.16120" },
    { name = "pyxel", specifier = "==1.9.0" },
]

[[package]]
name = "miniupnpc"
version = "2.0.2"
source = { registry = "https://pypi.org/simple" }
resolution-markers = [
    "sys_platform != 'win32'",
]
sdist = { url = "https://files.pythonhosted.org/packages/0c/e8/dbb2747230dfd98a6138cb65b322072eade4d92e1006e518c8711f8f5b85/miniupnpc-2.0.2.tar.gz", hash = "sha256:7ea46c93486fe1bdb31f0e0c2d911d224fce70bf5ea120e4295d647dfe274931", size = 67439 }

[[package]]
name = "miniupnpc"
version = "2.2.7"
source = { registry = "https://pypi.org/simple" }
resolution-markers = [
    "sys_platform == 'win32'",
]
sdist = { url = "https://files.pythonhosted.org/packages/7c/de/0cfe6ae7d5273993ef6a913a07ca36c99667d87bd38bb06954d430d5d5be/miniupnpc-2.2.7.tar.gz", hash = "sha256:18583e773b212575ca76b689beff491c4e73c8957be1fe5a7eaf59bdee91359d", size = 71055 }
wheels = [
    { url = "https://files.pythonhosted.org/packages/3b/04/b759613c347903f35f2b431db28e4811fe40c8b1017ce1dfaff3dee52d44/miniupnpc-2.2.7-cp310-cp310-win32.whl", hash = "sha256:6b263aebacda4286850ef72db5a24e5faca9685db64ed73e57a34d11ae4dc150", size = 9345 },
    { url = "https://files.pythonhosted.org/packages/6e/3c/914d4b1ba9cc33d2c7f89088eadbcd40aed7ef7820d385a4c9e154ef7d40/miniupnpc-2.2.7-cp310-cp310-win_amd64.whl", hash = "sha256:86ef532dc9e2623ea8ffbed3ad3473e68bca7d9fac67b3ce26bd24c8fc10d773", size = 10618 },
    { url = "https://files.pythonhosted.org/packages/91/4c/2828d3d20e82f5935ace0c68bd6e22d3a0be14b4bc40cc9241b510fce5c0/miniupnpc-2.2.7-cp311-cp311-win32.whl", hash = "sha256:c2ad39915fa1189da7bf1c71c5665d11b327124b4d61e9f48463bed68300e9ae", size = 9346 },
    { url = "https://files.pythonhosted.org/packages/f3/96/835bc1ff2b4b8456ad694fe12ea66a750fdfe00fee3301cdb3b1df5ed5d2/miniupnpc-2.2.7-cp311-cp311-win_amd64.whl", hash = "sha256:64a99c19deaf96517df79af53f4590e5a0343f236d82f5e4ca09a86d4f206b05", size = 10621 },
    { url = "https://files.pythonhosted.org/packages/8b/2e/14cf7c978acccf610ccf121e79d70e2a40ee25c26965129770fb8904e566/miniupnpc-2.2.7-cp312-cp312-win32.whl", hash = "sha256:4f0c836e9cdf05ae40bccec47063485f37eccc7c9d0ad5396eb11c33157e25ed", size = 9381 },
    { url = "https://files.pythonhosted.org/packages/bd/3b/30429155a73ed6acec6b454d76ac2e051e663159aabf85ad6e78ccaf9932/miniupnpc-2.2.7-cp312-cp312-win_amd64.whl", hash = "sha256:b6f5bee62f29ce21910f25a2b1e7921e3ac4bd1ef26c3b0c91e200c927f1d368", size = 10668 },
]

[[package]]
name = "pillow"
version = "10.3.0"
source = { registry = "https://pypi.org/simple" }
sdist = { url = "https://files.pythonhosted.org/packages/ef/43/c50c17c5f7d438e836c169e343695534c38c77f60e7c90389bd77981bc21/pillow-10.3.0.tar.gz", hash = "sha256:9d2455fbf44c914840c793e89aa82d0e1763a14253a000743719ae5946814b2d", size = 46572854 }
wheels = [
    { url = "https://files.pythonhosted.org/packages/e3/a4/cd3e60cda9ff7aa35eeb88325f8fb06898fb49523e367bacc35a5546317a/pillow-10.3.0-cp310-cp310-macosx_10_10_x86_64.whl", hash = "sha256:90b9e29824800e90c84e4022dd5cc16eb2d9605ee13f05d47641eb183cd73d45", size = 3528879 },
    { url = "https://files.pythonhosted.org/packages/d4/0e/e344d6532f30b3b8de3d7a36fd05d5a43e4164afd1b41882529e766ef959/pillow-10.3.0-cp310-cp310-macosx_11_0_arm64.whl", hash = "sha256:a2c405445c79c3f5a124573a051062300936b0281fee57637e706453e452746c", size = 3352905 },
    { url = "https://files.pythonhosted.org/packages/bb/a5/7958a4c0941b611a7706db510b9a85939346990df55ea05ecdfffb2b050c/pillow-10.3.0-cp310-cp310-manylinux_2_17_aarch64.manylinux2014_aarch64.whl", hash = "sha256:78618cdbccaa74d3f88d0ad6cb8ac3007f1a6fa5c6f19af64b55ca170bfa1edf", size = 4309181 },
    { url = "https://files.pythonhosted.org/packages/01/d7/0d3021e6c2da8f2a5d6f7e97ebf0bf540e69ebe3d0384c207401bfe88ef5/pillow-10.3.0-cp310-cp310-manylinux_2_17_x86_64.manylinux2014_x86_64.whl", hash = "sha256:261ddb7ca91fcf71757979534fb4c128448b5b4c55cb6152d280312062f69599", size = 4420421 },
    { url = "https://files.pythonhosted.org/packages/88/3c/708d0fc162f3c7099254b488b80ec4aba2a7fbdb958c03279390cf6e1140/pillow-10.3.0-cp310-cp310-manylinux_2_28_aarch64.whl", hash = "sha256:ce49c67f4ea0609933d01c0731b34b8695a7a748d6c8d186f95e7d085d2fe475", size = 4333092 },
    { url = "https://files.pythonhosted.org/packages/b5/a2/7a09695dc636bf8d0a1b63022f58701177b7dc6fad30f6d6bc343e5473a4/pillow-10.3.0-cp310-cp310-manylinux_2_28_x86_64.whl", hash = "sha256:b14f16f94cbc61215115b9b1236f9c18403c15dd3c52cf629072afa9d54c1cbf", size = 4499372 },
    { url = "https://files.pythonhosted.org/packages/dd/b8/ff0e2a7f4bba4d0121bfcd06387ea28660d7497ea038f99640bb10015125/pillow-10.3.0-cp310-cp310-musllinux_1_1_aarch64.whl", hash = "sha256:d33891be6df59d93df4d846640f0e46f1a807339f09e79a8040bc887bdcd7ed3", size = 4528038 },
    { url = "https://files.pythonhosted.org/packages/d5/9f/f19b94322353ca97e3b653255bf26b385ded07582f33eb6cd17f44d2b2bc/pillow-10.3.0-cp310-cp310-musllinux_1_1_x86_64.whl", hash = "sha256:b50811d664d392f02f7761621303eba9d1b056fb1868c8cdf4231279645c25f5", size = 4592192 },
    { url = "https://files.pythonhosted.org/packages/51/ed/d419981dd1a5db1b594af2637d9cb1c7b09857c72465fbd26644ff385bfb/pillow-10.3.0-cp310-cp310-win32.whl", hash = "sha256:ca2870d5d10d8726a27396d3ca4cf7976cec0f3cb706debe88e3a5bd4610f7d2", size = 2217272 },
    { url = "https://files.pythonhosted.org/packages/75/4c/2a850f886a2de7fbd25eedd2c40afec56db872b3e52491d8953698080505/pillow-10.3.0-cp310-cp310-win_amd64.whl", hash = "sha256:f0d0591a0aeaefdaf9a5e545e7485f89910c977087e7de2b6c388aec32011e9f", size = 2531321 },
    { url = "https://files.pythonhosted.org/packages/8d/9a/29ed468c7b6d10b14447e58a457fd77a9d3dbf4cb921768f3ab7d42833b5/pillow-10.3.0-cp310-cp310-win_arm64.whl", hash = "sha256:ccce24b7ad89adb5a1e34a6ba96ac2530046763912806ad4c247356a8f33a67b", size = 2229533 },
    { url = "https://files.pythonhosted.org/packages/e5/51/e4b35e394b4e5ca24983e50361a1db3d7da05b1758074f9c4f5b4be4b22a/pillow-10.3.0-cp311-cp311-macosx_10_10_x86_64.whl", hash = "sha256:5f77cf66e96ae734717d341c145c5949c63180842a545c47a0ce7ae52ca83795", size = 3528936 },
    { url = "https://files.pythonhosted.org/packages/00/5c/7633f291def20082bad31b844fe5ed07742aae8504e4cfe2f331ee727178/pillow-10.3.0-cp311-cp311-macosx_11_0_arm64.whl", hash = "sha256:e4b878386c4bf293578b48fc570b84ecfe477d3b77ba39a6e87150af77f40c57", size = 3352899 },
    { url = "https://files.pythonhosted.org/packages/1d/29/abda81a079cccd1840b0b7b13ad67ffac87cc66395ae20973027280e9f9f/pillow-10.3.0-cp311-cp311-manylinux_2_17_aarch64.manylinux2014_aarch64.whl", hash = "sha256:fdcbb4068117dfd9ce0138d068ac512843c52295ed996ae6dd1faf537b6dbc27", size = 4317733 },
    { url = "https://files.pythonhosted.org/packages/77/cd/5205fb43a6000d424291b0525b8201004700d9a34e034517ac4dfdc6eed5/pillow-10.3.0-cp311-cp311-manylinux_2_17_x86_64.manylinux2014_x86_64.whl", hash = "sha256:9797a6c8fe16f25749b371c02e2ade0efb51155e767a971c61734b1bf6293994", size = 4429430 },
    { url = "https://files.pythonhosted.org/packages/8c/bb/9e8d2b1b54235bd44139ee387beeb65ad9d8d755b5c01f817070c6dabea7/pillow-10.3.0-cp311-cp311-manylinux_2_28_aarch64.whl", hash = "sha256:9e91179a242bbc99be65e139e30690e081fe6cb91a8e77faf4c409653de39451", size = 4341711 },
    { url = "https://files.pythonhosted.org/packages/81/ff/ad3c942d865f9e45ce84eeb31795e6d4d94e1f1eea51026d5154028510d7/pillow-10.3.0-cp311-cp311-manylinux_2_28_x86_64.whl", hash = "sha256:1b87bd9d81d179bd8ab871603bd80d8645729939f90b71e62914e816a76fc6bd", size = 4507469 },
    { url = "https://files.pythonhosted.org/packages/ab/ab/30cd50a12d9afa2c412efcb8b37dd3f5f1da4bc77b984ddfbc776d96cf5b/pillow-10.3.0-cp311-cp311-musllinux_1_1_aarch64.whl", hash = "sha256:81d09caa7b27ef4e61cb7d8fbf1714f5aec1c6b6c5270ee53504981e6e9121ad", size = 4533491 },
    { url = "https://files.pythonhosted.org/packages/1f/f0/07419615ffa852cded35dfa3337bf70788f232a3dfe622b97d5eb0c32674/pillow-10.3.0-cp311-cp311-musllinux_1_1_x86_64.whl", hash = "sha256:048ad577748b9fa4a99a0548c64f2cb8d672d5bf2e643a739ac8faff1164238c", size = 4598334 },
    { url = "https://files.pythonhosted.org/packages/9c/f3/6e923786f2b2d167d16783fc079c003aadbcedc4995f54e8429d91aabfc4/pillow-10.3.0-cp311-cp311-win32.whl", hash = "sha256:7161ec49ef0800947dc5570f86568a7bb36fa97dd09e9827dc02b718c5643f09", size = 2217293 },
    { url = "https://files.pythonhosted.org/packages/0a/16/c83877524c47976f16703d2e05c363244bc1e60ab439e078b3cd046d07db/pillow-10.3.0-cp311-cp311-win_amd64.whl", hash = "sha256:8eb0908e954d093b02a543dc963984d6e99ad2b5e36503d8a0aaf040505f747d", size = 2531332 },
    { url = "https://files.pythonhosted.org/packages/a8/3b/f64454549af90818774c3210b48987c3aeca5285787dbd69869d9a05b58f/pillow-10.3.0-cp311-cp311-win_arm64.whl", hash = "sha256:4e6f7d1c414191c1199f8996d3f2282b9ebea0945693fb67392c75a3a320941f", size = 2229546 },
    { url = "https://files.pythonhosted.org/packages/cc/5d/b7fcd38cba0f7706f64c1674fc9f018e4c64f791770598c44affadea7c2f/pillow-10.3.0-cp312-cp312-macosx_10_10_x86_64.whl", hash = "sha256:e46f38133e5a060d46bd630faa4d9fa0202377495df1f068a8299fd78c84de84", size = 3528535 },
    { url = "https://files.pythonhosted.org/packages/5e/77/4cf407e7b033b4d8e5fcaac295b6e159cf1c70fa105d769f01ea2e1e5eca/pillow-10.3.0-cp312-cp312-macosx_11_0_arm64.whl", hash = "sha256:50b8eae8f7334ec826d6eeffaeeb00e36b5e24aa0b9df322c247539714c6df19", size = 3352281 },
    { url = "https://files.pythonhosted.org/packages/53/7b/4f7b153a776725a87797d744ea1c73b83ac0b723f5e379297605dee118eb/pillow-10.3.0-cp312-cp312-manylinux_2_17_aarch64.manylinux2014_aarch64.whl", hash = "sha256:9d3bea1c75f8c53ee4d505c3e67d8c158ad4df0d83170605b50b64025917f338", size = 4321427 },
    { url = "https://files.pythonhosted.org/packages/45/08/d2cc751b790e77464f8648aa707e2327d6da5d95cf236a532e99c2e7a499/pillow-10.3.0-cp312-cp312-manylinux_2_17_x86_64.manylinux2014_x86_64.whl", hash = "sha256:19aeb96d43902f0a783946a0a87dbdad5c84c936025b8419da0a0cd7724356b1", size = 4435915 },
    { url = "https://files.pythonhosted.org/packages/ef/97/f69d1932cf45bf5bd9fa1e2ae57bdf716524faa4fa9fb7dc62cdb1a19113/pillow-10.3.0-cp312-cp312-manylinux_2_28_aarch64.whl", hash = "sha256:74d28c17412d9caa1066f7a31df8403ec23d5268ba46cd0ad2c50fb82ae40462", size = 4347392 },
    { url = "https://files.pythonhosted.org/packages/c6/c1/3521ddb9c1f3ac106af3e4512a98c785b6ed8a39e0f778480b8a4d340165/pillow-10.3.0-cp312-cp312-manylinux_2_28_x86_64.whl", hash = "sha256:ff61bfd9253c3915e6d41c651d5f962da23eda633cf02262990094a18a55371a", size = 4514536 },
    { url = "https://files.pythonhosted.org/packages/c0/6f/347c241904a6514e59515284b01ba6f61765269a0d1a19fd2e6cbe331c8a/pillow-10.3.0-cp312-cp312-musllinux_1_1_aarch64.whl", hash = "sha256:d886f5d353333b4771d21267c7ecc75b710f1a73d72d03ca06df49b09015a9ef", size = 4555987 },
    { url = "https://files.pythonhosted.org/packages/c3/e2/3cc490c6b2e262713da82ce849c34bd8e6c31242afb53be8595d820b9877/pillow-10.3.0-cp312-cp312-musllinux_1_1_x86_64.whl", hash = "sha256:4b5ec25d8b17217d635f8935dbc1b9aa5907962fae29dff220f2659487891cd3", size = 4623526 },
    { url = "https://files.pythonhosted.org/packages/c1/b3/0209f70fa29b383e7618e47db95712a45788dea03bb960601753262a2883/pillow-10.3.0-cp312-cp312-win32.whl", hash = "sha256:51243f1ed5161b9945011a7360e997729776f6e5d7005ba0c6879267d4c5139d", size = 2217547 },
    { url = "https://files.pythonhosted.org/packages/d3/23/3927d888481ff7c44fdbca3bc2a2e97588c933db46723bf115201377c436/pillow-10.3.0-cp312-cp312-win_amd64.whl", hash = "sha256:412444afb8c4c7a6cc11a47dade32982439925537e483be7c0ae0cf96c4f6a0b", size = 2531641 },
    { url = "https://files.pythonhosted.org/packages/db/36/1ecaa0541d3a1b1362f937d386eeb1875847bfa06d5225f1b0e1588d1007/pillow-10.3.0-cp312-cp312-win_arm64.whl", hash = "sha256:798232c92e7665fe82ac085f9d8e8ca98826f8e27859d9a96b41d519ecd2e49a", size = 2229746 },
    { url = "https://files.pythonhosted.org/packages/67/75/8264c4c1a25b4868050c4c1a923e4aae0bcce2f4032de6ec416decf37dee/pillow-10.3.0-pp310-pypy310_pp73-macosx_10_10_x86_64.whl", hash = "sha256:6b02471b72526ab8a18c39cb7967b72d194ec53c1fd0a70b050565a0f366d355", size = 3482638 },
    { url = "https://files.pythonhosted.org/packages/93/59/475343cdbc035cc5d7056c4c37cb1aaad5af05c9ae762508b6f8e8f27bf1/pillow-10.3.0-pp310-pypy310_pp73-macosx_11_0_arm64.whl", hash = "sha256:8ab74c06ffdab957d7670c2a5a6e1a70181cd10b727cd788c4dd9005b6a8acd9", size = 3324189 },
    { url = "https://files.pythonhosted.org/packages/73/9f/cf2523a1c3a98afd0052b11d12d866453a60151bfc5876620e88cd5be55c/pillow-10.3.0-pp310-pypy310_pp73-manylinux_2_17_aarch64.manylinux2014_aarch64.whl", hash = "sha256:048eeade4c33fdf7e08da40ef402e748df113fd0b4584e32c4af74fe78baaeb2", size = 3414179 },
    { url = "https://files.pythonhosted.org/packages/12/d1/010dca4eaaaeb9da9edb702d2f663b6dac98ff5e84ce09e9d82f96c6a9f3/pillow-10.3.0-pp310-pypy310_pp73-manylinux_2_17_x86_64.manylinux2014_x86_64.whl", hash = "sha256:9e2ec1e921fd07c7cda7962bad283acc2f2a9ccc1b971ee4b216b75fad6f0463", size = 3468521 },
    { url = "https://files.pythonhosted.org/packages/ff/4c/8c7e9830ccca3219cdf4c1bdd3b0664025c91034a29242aedec5a997cbfe/pillow-10.3.0-pp310-pypy310_pp73-manylinux_2_28_aarch64.whl", hash = "sha256:4c8e73e99da7db1b4cad7f8d682cf6abad7844da39834c288fbfa394a47bbced", size = 3455893 },
    { url = "https://files.pythonhosted.org/packages/aa/e3/a84acfed7c3ccb23ff58fa68ae9f3ec071d63cfb7885edb6eb48bbc907f7/pillow-10.3.0-pp310-pypy310_pp73-manylinux_2_28_x86_64.whl", hash = "sha256:16563993329b79513f59142a6b02055e10514c1a8e86dca8b48a893e33cf91e3", size = 3557538 },
    { url = "https://files.pythonhosted.org/packages/a9/f7/ff318e659997961f3b513d98c336a9aecc5432524610399f5aa7bf9d511e/pillow-10.3.0-pp310-pypy310_pp73-win_amd64.whl", hash = "sha256:dd78700f5788ae180b5ee8902c6aea5a5726bac7c364b202b4b3e3ba2d293170", size = 2531671 },
]

[[package]]
name = "platformdirs"
version = "3.9.1"
source = { registry = "https://pypi.org/simple" }
sdist = { url = "https://files.pythonhosted.org/packages/a1/70/c1d14c0c58d975f06a449a403fac69d3c9c6e8ae2a529f387d77c29c2e56/platformdirs-3.9.1.tar.gz", hash = "sha256:1b42b450ad933e981d56e59f1b97495428c9bd60698baab9f3eb3d00d5822421", size = 18836 }
wheels = [
    { url = "https://files.pythonhosted.org/packages/6d/a7/47b7088a28c8fe5775eb15281bf44d39facdbe4bc011a95ccb89390c2db9/platformdirs-3.9.1-py3-none-any.whl", hash = "sha256:ad8291ae0ae5072f66c16945166cb11c63394c7a3ad1b1bc9828ca3162da8c2f", size = 16868 },
]

[[package]]
name = "python-vlc"
version = "3.0.16120"
source = { registry = "https://pypi.org/simple" }
sdist = { url = "https://files.pythonhosted.org/packages/9a/c6/4adaa8d2ea6a9605aaf3b513596c9749849d9bf71228e0a67ec5012f66fc/python-vlc-3.0.16120.tar.gz", hash = "sha256:92f98fee088f72bd6d063b3b3312d0bd29b37e7ad65ddeb3a7303320300c2807", size = 148853 }
wheels = [
    { url = "https://files.pythonhosted.org/packages/98/79/85f33652bb51b3b161d609966cb894f4b3104b70a3fba00f7df09bdf8411/python_vlc-3.0.16120-py3-none-any.whl", hash = "sha256:c409afb38fe9f788a663b4302ca583f31289ef0860ab2b1668da96bbe8f14bfc", size = 79622 },
]

[[package]]
name = "pyxel"
version = "1.9.0"
source = { registry = "https://pypi.org/simple" }
wheels = [
    { url = "https://files.pythonhosted.org/packages/75/eb/fe4cd69a1d9af8f3f437e9ff6bf4986ac0c4fd16d074482fe14a531277a3/pyxel-1.9.0-cp37-abi3-macosx_10_7_x86_64.whl", hash = "sha256:fb43f279ad4079b620dd9c020b7efd5043f3827ad6cea38bb7ed34fe623c39dc", size = 2383902 },
    { url = "https://files.pythonhosted.org/packages/c6/80/94fab70ade0859f48bda6088c7ba441afa05e5ba689dfe9703e30d67da58/pyxel-1.9.0-cp37-abi3-macosx_11_0_arm64.whl", hash = "sha256:5cefc7339b22a6cfdf0ebf51cdd34b5f33044a8f8ab40831c9425b7aa9ff7e4d", size = 2263277 },
    { url = "https://files.pythonhosted.org/packages/a4/1c/10ebf161a56088a338fcd9f5688c7fe3dba90a5ea1f867aea955d862cfa8/pyxel-1.9.0-cp37-abi3-manylinux_2_17_aarch64.manylinux2014_aarch64.whl", hash = "sha256:0dbb9decf0a868b4027bfe48afc2e25fd25dea17fa3e344698b202f2e5ecb816", size = 2808542 },
    { url = "https://files.pythonhosted.org/packages/f6/d0/ca6964f0e118abdb2667b96d49a409907e6c9b9d536e9645fb2dd9472c31/pyxel-1.9.0-cp37-abi3-manylinux_2_17_i686.manylinux2014_i686.whl", hash = "sha256:b3db45a403ab7a5b73fb97508c3e66b3257d36b100b1c518036c622f460ddce8", size = 2977322 },
    { url = "https://files.pythonhosted.org/packages/2f/5c/04a43f1010b6705950f088abd72a0b0d0c2a623ffa5457cd8f3854aa3261/pyxel-1.9.0-cp37-abi3-manylinux_2_17_x86_64.manylinux2014_x86_64.whl", hash = "sha256:c5c2ef1b140155f4bb4a324d17003b7cb3a10beca3f07fd26708fdefd7867d5c", size = 2827680 },
    { url = "https://files.pythonhosted.org/packages/2e/bf/88eef06459e8e0f7e660255626081937dc2c6540e177f6c193bf342de29f/pyxel-1.9.0-cp37-abi3-win32.whl", hash = "sha256:48c3eafc7035a12da32e78a32bf888179bc171b13c58bf6a17ac17d9331beade", size = 1977502 },
    { url = "https://files.pythonhosted.org/packages/39/4e/a212196661be6d7779f4e9cdda0426ec983853a5aa93b02f9eef4b26e5b8/pyxel-1.9.0-cp37-abi3-win_amd64.whl", hash = "sha256:b18da8e3b3763f8720f559d1da71c1d4c5ad1baeb08925cb11626d76addd3b2d", size = 2113917 },
]
